
Microsoft Visual Studio Solution File, Format Version 12.00
# Visual Studio Version 17
VisualStudioVersion = 17.12.35514.174
MinimumVisualStudioVersion = 10.0.40219.1
Project("{FAE04EC0-301F-11D3-BF4B-00C04F79EFBC}") = "CosmosUppgift", "CosmosUppgift\CosmosUppgift.csproj", "{9D0C9A08-8E25-439D-886E-648FDDA9ACD7}"
EndProject
Project("{FAE04EC0-301F-11D3-BF4B-00C04F79EFBC}") = "CosmosFunctions", "CosmosFunctions\CosmosFunctions.csproj", "{4A56EA4A-D66B-43A3-AAF8-304C5409E321}"
EndProject
Global
	GlobalSection(SolutionConfigurationPlatforms) = preSolution
		Debug|Any CPU = Debug|Any CPU
		Release|Any CPU = Release|Any CPU
	EndGlobalSection
	GlobalSection(ProjectConfigurationPlatforms) = postSolution
		{9D0C9A08-8E25-439D-886E-648FDDA9ACD7}.Debug|Any CPU.ActiveCfg = Debug|Any CPU
		{9D0C9A08-8E25-439D-886E-648FDDA9ACD7}.Debug|Any CPU.Build.0 = Debug|Any CPU
		{9D0C9A08-8E25-439D-886E-648FDDA9ACD7}.Release|Any CPU.ActiveCfg = Release|Any CPU
		{9D0C9A08-8E25-439D-886E-648FDDA9ACD7}.Release|Any CPU.Build.0 = Release|Any CPU
		{4A56EA4A-D66B-43A3-AAF8-304C5409E321}.Debug|Any CPU.ActiveCfg = Debug|Any CPU
		{4A56EA4A-D66B-43A3-AAF8-304C5409E321}.Debug|Any CPU.Build.0 = Debug|Any CPU
		{4A56EA4A-D66B-43A3-AAF8-304C5409E321}.Release|Any CPU.ActiveCfg = Release|Any CPU
		{4A56EA4A-D66B-43A3-AAF8-304C5409E321}.Release|Any CPU.Build.0 = Release|Any CPU
	EndGlobalSection
	GlobalSection(SolutionProperties) = preSolution
		HideSolutionNode = FALSE
	EndGlobalSection
EndGlobal
